// !$*UTF8*$!
{
	archiveVersion = 1;
	classes = {
	};
	objectVersion = 50;
	objects = {

/* Begin PBXBuildFile section */
		79C9A24520B9B6D8000F6DE2 /* Model.xcdatamodeld in Sources */ = {isa = PBXBuildFile; fileRef = 79C9A24020B9B6D8000F6DE2 /* Model.xcdatamodeld */; };
		79C9A24720B9B6D8000F6DE2 /* StubService.json in Resources */ = {isa = PBXBuildFile; fileRef = 79C9A24320B9B6D8000F6DE2 /* StubService.json */; };
		79C9A24820B9B6D8000F6DE2 /* FeedViewController.json in Resources */ = {isa = PBXBuildFile; fileRef = 79C9A24420B9B6D8000F6DE2 /* FeedViewController.json */; };
		79C9A24A20BADD4A000F6DE2 /* NewPostViewController.json in Resources */ = {isa = PBXBuildFile; fileRef = 79C9A24920BADD4A000F6DE2 /* NewPostViewController.json */; };
		79E74D6920B4CC9A00677AAF /* AppDelegate.swift in Sources */ = {isa = PBXBuildFile; fileRef = 79E74D6820B4CC9A00677AAF /* AppDelegate.swift */; };
		79E74D6E20B4CC9A00677AAF /* Main.storyboard in Resources */ = {isa = PBXBuildFile; fileRef = 79E74D6C20B4CC9A00677AAF /* Main.storyboard */; };
		79E74D7020B4CC9C00677AAF /* Assets.xcassets in Resources */ = {isa = PBXBuildFile; fileRef = 79E74D6F20B4CC9C00677AAF /* Assets.xcassets */; };
		79E7C63D20D71CA700741E99 /* LaunchScreen.storyboard in Resources */ = {isa = PBXBuildFile; fileRef = 79E7C63C20D71CA700741E99 /* LaunchScreen.storyboard */; };
/* End PBXBuildFile section */

/* Begin PBXFileReference section */
		79C9A24120B9B6D8000F6DE2 /* Model.xcdatamodel */ = {isa = PBXFileReference; lastKnownFileType = wrapper.xcdatamodel; path = Model.xcdatamodel; sourceTree = "<group>"; };
		79C9A24320B9B6D8000F6DE2 /* StubService.json */ = {isa = PBXFileReference; fileEncoding = 4; lastKnownFileType = text.json; path = StubService.json; sourceTree = "<group>"; };
		79C9A24420B9B6D8000F6DE2 /* FeedViewController.json */ = {isa = PBXFileReference; fileEncoding = 4; lastKnownFileType = text.json; path = FeedViewController.json; sourceTree = "<group>"; };
		79C9A24920BADD4A000F6DE2 /* NewPostViewController.json */ = {isa = PBXFileReference; fileEncoding = 4; lastKnownFileType = text.json; path = NewPostViewController.json; sourceTree = "<group>"; };
		79E74D6520B4CC9A00677AAF /* WidgetDemo.app */ = {isa = PBXFileReference; explicitFileType = wrapper.application; includeInIndex = 0; path = WidgetDemo.app; sourceTree = BUILT_PRODUCTS_DIR; };
		79E74D6820B4CC9A00677AAF /* AppDelegate.swift */ = {isa = PBXFileReference; lastKnownFileType = sourcecode.swift; path = AppDelegate.swift; sourceTree = "<group>"; };
		79E74D6D20B4CC9A00677AAF /* Base */ = {isa = PBXFileReference; lastKnownFileType = file.storyboard; name = Base; path = Base.lproj/Main.storyboard; sourceTree = "<group>"; };
		79E74D6F20B4CC9C00677AAF /* Assets.xcassets */ = {isa = PBXFileReference; lastKnownFileType = folder.assetcatalog; path = Assets.xcassets; sourceTree = "<group>"; };
		79E74D7420B4CC9C00677AAF /* Info.plist */ = {isa = PBXFileReference; lastKnownFileType = text.plist.xml; path = Info.plist; sourceTree = "<group>"; };
		79E7C63C20D71CA700741E99 /* LaunchScreen.storyboard */ = {isa = PBXFileReference; lastKnownFileType = file.storyboard; path = LaunchScreen.storyboard; sourceTree = "<group>"; };
/* End PBXFileReference section */

/* Begin PBXFrameworksBuildPhase section */
		79E74D6220B4CC9A00677AAF /* Frameworks */ = {
			isa = PBXFrameworksBuildPhase;
			buildActionMask = 2147483647;
			files = (
			);
			runOnlyForDeploymentPostprocessing = 0;
		};
/* End PBXFrameworksBuildPhase section */

/* Begin PBXGroup section */
		79E74D5C20B4CC9A00677AAF = {
			isa = PBXGroup;
			children = (
				79E74D6720B4CC9A00677AAF /* WidgetDemo */,
				79E74D6620B4CC9A00677AAF /* Products */,
			);
			sourceTree = "<group>";
		};
		79E74D6620B4CC9A00677AAF /* Products */ = {
			isa = PBXGroup;
			children = (
				79E74D6520B4CC9A00677AAF /* WidgetDemo.app */,
			);
			name = Products;
			sourceTree = "<group>";
		};
		79E74D6720B4CC9A00677AAF /* WidgetDemo */ = {
			isa = PBXGroup;
			children = (
				79E74D6820B4CC9A00677AAF /* AppDelegate.swift */,
				79E74D6C20B4CC9A00677AAF /* Main.storyboard */,
				79C9A24420B9B6D8000F6DE2 /* FeedViewController.json */,
				79C9A24920BADD4A000F6DE2 /* NewPostViewController.json */,
				79C9A24320B9B6D8000F6DE2 /* StubService.json */,
				79C9A24020B9B6D8000F6DE2 /* Model.xcdatamodeld */,
				79E74D6F20B4CC9C00677AAF /* Assets.xcassets */,
				79E7C63C20D71CA700741E99 /* LaunchScreen.storyboard */,
				79E74D7420B4CC9C00677AAF /* Info.plist */,
			);
			path = WidgetDemo;
			sourceTree = "<group>";
		};
/* End PBXGroup section */

/* Begin PBXNativeTarget section */
		79E74D6420B4CC9A00677AAF /* WidgetDemo */ = {
			isa = PBXNativeTarget;
			buildConfigurationList = 79E74D7720B4CC9C00677AAF /* Build configuration list for PBXNativeTarget "WidgetDemo" */;
			buildPhases = (
				79E74D6120B4CC9A00677AAF /* Sources */,
				79E74D6220B4CC9A00677AAF /* Frameworks */,
				79E74D6320B4CC9A00677AAF /* Resources */,
			);
			buildRules = (
			);
			dependencies = (
			);
			name = WidgetDemo;
			productName = WidgetDemo;
			productReference = 79E74D6520B4CC9A00677AAF /* WidgetDemo.app */;
			productType = "com.apple.product-type.application";
		};
/* End PBXNativeTarget section */

/* Begin PBXProject section */
		79E74D5D20B4CC9A00677AAF /* Project object */ = {
			isa = PBXProject;
			attributes = {
				LastSwiftUpdateCheck = 0930;
				LastUpgradeCheck = 0930;
				ORGANIZATIONNAME = "Favio Mobile";
				TargetAttributes = {
					79E74D6420B4CC9A00677AAF = {
						CreatedOnToolsVersion = 9.3;
					};
				};
			};
			buildConfigurationList = 79E74D6020B4CC9A00677AAF /* Build configuration list for PBXProject "WidgetDemo" */;
			compatibilityVersion = "Xcode 9.3";
			developmentRegion = en;
			hasScannedForEncodings = 0;
			knownRegions = (
				en,
				Base,
			);
			mainGroup = 79E74D5C20B4CC9A00677AAF;
			productRefGroup = 79E74D6620B4CC9A00677AAF /* Products */;
			projectDirPath = "";
			projectRoot = "";
			targets = (
				79E74D6420B4CC9A00677AAF /* WidgetDemo */,
			);
		};
/* End PBXProject section */

/* Begin PBXResourcesBuildPhase section */
		79E74D6320B4CC9A00677AAF /* Resources */ = {
			isa = PBXResourcesBuildPhase;
			buildActionMask = 2147483647;
			files = (
				79C9A24820B9B6D8000F6DE2 /* FeedViewController.json in Resources */,
				79C9A24A20BADD4A000F6DE2 /* NewPostViewController.json in Resources */,
				79C9A24720B9B6D8000F6DE2 /* StubService.json in Resources */,
				79E7C63D20D71CA700741E99 /* LaunchScreen.storyboard in Resources */,
				79E74D7020B4CC9C00677AAF /* Assets.xcassets in Resources */,
				79E74D6E20B4CC9A00677AAF /* Main.storyboard in Resources */,
			);
			runOnlyForDeploymentPostprocessing = 0;
		};
/* End PBXResourcesBuildPhase section */

/* Begin PBXSourcesBuildPhase section */
		79E74D6120B4CC9A00677AAF /* Sources */ = {
			isa = PBXSourcesBuildPhase;
			buildActionMask = 2147483647;
			files = (
				79E74D6920B4CC9A00677AAF /* AppDelegate.swift in Sources */,
				79C9A24520B9B6D8000F6DE2 /* Model.xcdatamodeld in Sources */,
			);
			runOnlyForDeploymentPostprocessing = 0;
		};
/* End PBXSourcesBuildPhase section */

/* Begin PBXVariantGroup section */
		79E74D6C20B4CC9A00677AAF /* Main.storyboard */ = {
			isa = PBXVariantGroup;
			children = (
				79E74D6D20B4CC9A00677AAF /* Base */,
			);
			name = Main.storyboard;
			sourceTree = "<group>";
		};
/* End PBXVariantGroup section */

/* Begin XCBuildConfiguration section */
		79E74D7520B4CC9C00677AAF /* Debug */ = {
			isa = XCBuildConfiguration;
			buildSettings = {
				ALWAYS_SEARCH_USER_PATHS = NO;
				CLANG_ANALYZER_NONNULL = YES;
				CLANG_ANALYZER_NUMBER_OBJECT_CONVERSION = YES_AGGRESSIVE;
				CLANG_CXX_LANGUAGE_STANDARD = "gnu++14";
				CLANG_CXX_LIBRARY = "libc++";
				CLANG_ENABLE_MODULES = YES;
				CLANG_ENABLE_OBJC_ARC = YES;
				CLANG_ENABLE_OBJC_WEAK = YES;
				CLANG_WARN_BLOCK_CAPTURE_AUTORELEASING = YES;
				CLANG_WARN_BOOL_CONVERSION = YES;
				CLANG_WARN_COMMA = YES;
				CLANG_WARN_CONSTANT_CONVERSION = YES;
				CLANG_WARN_DEPRECATED_OBJC_IMPLEMENTATIONS = YES;
				CLANG_WARN_DIRECT_OBJC_ISA_USAGE = YES_ERROR;
				CLANG_WARN_DOCUMENTATION_COMMENTS = YES;
				CLANG_WARN_EMPTY_BODY = YES;
				CLANG_WARN_ENUM_CONVERSION = YES;
				CLANG_WARN_INFINITE_RECURSION = YES;
				CLANG_WARN_INT_CONVERSION = YES;
				CLANG_WARN_NON_LITERAL_NULL_CONVERSION = YES;
				CLANG_WARN_OBJC_IMPLICIT_RETAIN_SELF = YES;
				CLANG_WARN_OBJC_LITERAL_CONVERSION = YES;
				CLANG_WARN_OBJC_ROOT_CLASS = YES_ERROR;
				CLANG_WARN_RANGE_LOOP_ANALYSIS = YES;
				CLANG_WARN_STRICT_PROTOTYPES = YES;
				CLANG_WARN_SUSPICIOUS_MOVE = YES;
				CLANG_WARN_UNGUARDED_AVAILABILITY = YES_AGGRESSIVE;
				CLANG_WARN_UNREACHABLE_CODE = YES;
				CLANG_WARN__DUPLICATE_METHOD_MATCH = YES;
				CODE_SIGN_IDENTITY = "iPhone Developer";
				COPY_PHASE_STRIP = NO;
				DEBUG_INFORMATION_FORMAT = dwarf;
				ENABLE_STRICT_OBJC_MSGSEND = YES;
				ENABLE_TESTABILITY = YES;
				GCC_C_LANGUAGE_STANDARD = gnu11;
				GCC_DYNAMIC_NO_PIC = NO;
				GCC_NO_COMMON_BLOCKS = YES;
				GCC_OPTIMIZATION_LEVEL = 0;
				GCC_PREPROCESSOR_DEFINITIONS = (
					"DEBUG=1",
					"$(inherited)",
				);
				GCC_WARN_64_TO_32_BIT_CONVERSION = YES;
				GCC_WARN_ABOUT_RETURN_TYPE = YES_ERROR;
				GCC_WARN_UNDECLARED_SELECTOR = YES;
				GCC_WARN_UNINITIALIZED_AUTOS = YES_AGGRESSIVE;
				GCC_WARN_UNUSED_FUNCTION = YES;
				GCC_WARN_UNUSED_VARIABLE = YES;
				IPHONEOS_DEPLOYMENT_TARGET = 11.3;
				MTL_ENABLE_DEBUG_INFO = YES;
				ONLY_ACTIVE_ARCH = YES;
				SDKROOT = iphoneos;
				SWIFT_ACTIVE_COMPILATION_CONDITIONS = DEBUG;
				SWIFT_OPTIMIZATION_LEVEL = "-Onone";
			};
			name = Debug;
		};
		79E74D7620B4CC9C00677AAF /* Release */ = {
			isa = XCBuildConfiguration;
			buildSettings = {
				ALWAYS_SEARCH_USER_PATHS = NO;
				CLANG_ANALYZER_NONNULL = YES;
				CLANG_ANALYZER_NUMBER_OBJECT_CONVERSION = YES_AGGRESSIVE;
				CLANG_CXX_LANGUAGE_STANDARD = "gnu++14";
				CLANG_CXX_LIBRARY = "libc++";
				CLANG_ENABLE_MODULES = YES;
				CLANG_ENABLE_OBJC_ARC = YES;
				CLANG_ENABLE_OBJC_WEAK = YES;
				CLANG_WARN_BLOCK_CAPTURE_AUTORELEASING = YES;
				CLANG_WARN_BOOL_CONVERSION = YES;
				CLANG_WARN_COMMA = YES;
				CLANG_WARN_CONSTANT_CONVERSION = YES;
				CLANG_WARN_DEPRECATED_OBJC_IMPLEMENTATIONS = YES;
				CLANG_WARN_DIRECT_OBJC_ISA_USAGE = YES_ERROR;
				CLANG_WARN_DOCUMENTATION_COMMENTS = YES;
				CLANG_WARN_EMPTY_BODY = YES;
				CLANG_WARN_ENUM_CONVERSION = YES;
				CLANG_WARN_INFINITE_RECURSION = YES;
				CLANG_WARN_INT_CONVERSION = YES;
				CLANG_WARN_NON_LITERAL_NULL_CONVERSION = YES;
				CLANG_WARN_OBJC_IMPLICIT_RETAIN_SELF = YES;
				CLANG_WARN_OBJC_LITERAL_CONVERSION = YES;
				CLANG_WARN_OBJC_ROOT_CLASS = YES_ERROR;
				CLANG_WARN_RANGE_LOOP_ANALYSIS = YES;
				CLANG_WARN_STRICT_PROTOTYPES = YES;
				CLANG_WARN_SUSPICIOUS_MOVE = YES;
				CLANG_WARN_UNGUARDED_AVAILABILITY = YES_AGGRESSIVE;
				CLANG_WARN_UNREACHABLE_CODE = YES;
				CLANG_WARN__DUPLICATE_METHOD_MATCH = YES;
				CODE_SIGN_IDENTITY = "iPhone Developer";
				COPY_PHASE_STRIP = NO;
				DEBUG_INFORMATION_FORMAT = "dwarf-with-dsym";
				ENABLE_NS_ASSERTIONS = NO;
				ENABLE_STRICT_OBJC_MSGSEND = YES;
				GCC_C_LANGUAGE_STANDARD = gnu11;
				GCC_NO_COMMON_BLOCKS = YES;
				GCC_WARN_64_TO_32_BIT_CONVERSION = YES;
				GCC_WARN_ABOUT_RETURN_TYPE = YES_ERROR;
				GCC_WARN_UNDECLARED_SELECTOR = YES;
				GCC_WARN_UNINITIALIZED_AUTOS = YES_AGGRESSIVE;
				GCC_WARN_UNUSED_FUNCTION = YES;
				GCC_WARN_UNUSED_VARIABLE = YES;
				IPHONEOS_DEPLOYMENT_TARGET = 11.3;
				MTL_ENABLE_DEBUG_INFO = NO;
				SDKROOT = iphoneos;
				SWIFT_COMPILATION_MODE = wholemodule;
				SWIFT_OPTIMIZATION_LEVEL = "-O";
				VALIDATE_PRODUCT = YES;
			};
			name = Release;
		};
		79E74D7820B4CC9C00677AAF /* Debug */ = {
			isa = XCBuildConfiguration;
			buildSettings = {
				ASSETCATALOG_COMPILER_APPICON_NAME = AppIcon;
				CODE_SIGN_STYLE = Automatic;
				DEVELOPMENT_TEAM = JK4E2BRU7Z;
				INFOPLIST_FILE = WidgetDemo/Info.plist;
				IPHONEOS_DEPLOYMENT_TARGET = 10.0;
				LD_RUNPATH_SEARCH_PATHS = "$(inherited) @executable_path/Frameworks";
				PRODUCT_BUNDLE_IDENTIFIER = mobi.favio.WidgetDemo;
				PRODUCT_NAME = "$(TARGET_NAME)";
				SWIFT_VERSION = 4.0;
				TARGETED_DEVICE_FAMILY = "1,2";
			};
			name = Debug;
		};
		79E74D7920B4CC9C00677AAF /* Release */ = {
			isa = XCBuildConfiguration;
			buildSettings = {
				ASSETCATALOG_COMPILER_APPICON_NAME = AppIcon;
				CODE_SIGN_STYLE = Automatic;
				DEVELOPMENT_TEAM = JK4E2BRU7Z;
				INFOPLIST_FILE = WidgetDemo/Info.plist;
				IPHONEOS_DEPLOYMENT_TARGET = 10.0;
				LD_RUNPATH_SEARCH_PATHS = "$(inherited) @executable_path/Frameworks";
				PRODUCT_BUNDLE_IDENTIFIER = mobi.favio.WidgetDemo;
				PRODUCT_NAME = "$(TARGET_NAME)";
				SWIFT_VERSION = 4.0;
				TARGETED_DEVICE_FAMILY = "1,2";
			};
			name = Release;
		};
/* End XCBuildConfiguration section */

/* Begin XCConfigurationList section */
		79E74D6020B4CC9A00677AAF /* Build configuration list for PBXProject "WidgetDemo" */ = {
			isa = XCConfigurationList;
			buildConfigurations = (
				79E74D7520B4CC9C00677AAF /* Debug */,
				79E74D7620B4CC9C00677AAF /* Release */,
			);
			defaultConfigurationIsVisible = 0;
			defaultConfigurationName = Release;
		};
		79E74D7720B4CC9C00677AAF /* Build configuration list for PBXNativeTarget "WidgetDemo" */ = {
			isa = XCConfigurationList;
			buildConfigurations = (
				79E74D7820B4CC9C00677AAF /* Debug */,
				79E74D7920B4CC9C00677AAF /* Release */,
			);
			defaultConfigurationIsVisible = 0;
			defaultConfigurationName = Release;
		};
/* End XCConfigurationList section */

/* Begin XCVersionGroup section */
		79C9A24020B9B6D8000F6DE2 /* Model.xcdatamodeld */ = {
			isa = XCVersionGroup;
			children = (
				79C9A24120B9B6D8000F6DE2 /* Model.xcdatamodel */,
			);
			currentVersion = 79C9A24120B9B6D8000F6DE2 /* Model.xcdatamodel */;
			path = Model.xcdatamodeld;
			sourceTree = "<group>";
			versionGroupType = wrapper.xcdatamodel;
		};
/* End XCVersionGroup section */
	};
	rootObject = 79E74D5D20B4CC9A00677AAF /* Project object */;
}
